version: 5
environments:
  default:
    channels:
    - url: https://conda.anaconda.org/conda-forge/
    indexes:
    - https://pypi.org/simple
    packages:
      win-64:
      - conda: https://conda.anaconda.org/conda-forge/win-64/bzip2-1.0.8-h2466b09_7.conda
      - conda: https://conda.anaconda.org/conda-forge/win-64/ca-certificates-2024.7.4-h56e8100_0.conda
      - conda: https://conda.anaconda.org/conda-forge/win-64/libexpat-2.6.2-h63175ca_0.conda
      - conda: https://conda.anaconda.org/conda-forge/win-64/libffi-3.4.2-h8ffe710_5.tar.bz2
      - conda: https://conda.anaconda.org/conda-forge/win-64/libsqlite-3.46.0-h2466b09_0.conda
      - conda: https://conda.anaconda.org/conda-forge/win-64/libzlib-1.3.1-h2466b09_1.conda
      - conda: https://conda.anaconda.org/conda-forge/win-64/openssl-3.3.1-h2466b09_2.conda
      - conda: https://conda.anaconda.org/conda-forge/win-64/python-3.12.4-h889d299_0_cpython.conda
      - conda: https://conda.anaconda.org/conda-forge/win-64/tk-8.6.13-h5226925_1.conda
      - conda: https://conda.anaconda.org/conda-forge/noarch/tzdata-2024a-h0c530f3_0.conda
      - conda: https://conda.anaconda.org/conda-forge/win-64/ucrt-10.0.22621.0-h57928b3_0.tar.bz2
      - conda: https://conda.anaconda.org/conda-forge/win-64/vc-14.3-h8a93ad2_20.conda
      - conda: https://conda.anaconda.org/conda-forge/win-64/vc14_runtime-14.40.33810-ha82c5b3_20.conda
      - conda: https://conda.anaconda.org/conda-forge/win-64/vs2015_runtime-14.40.33810-h3bf8584_20.conda
      - conda: https://conda.anaconda.org/conda-forge/win-64/xz-5.2.6-h8d14728_0.tar.bz2
      - pypi: https://files.pythonhosted.org/packages/af/1d/66cbeeb4dcc8db93d26867ff89c07d65add52d1b1bf131b5c49c1280bb81/computegraph-0.4.5-py3-none-any.whl
      - pypi: https://files.pythonhosted.org/packages/7e/cf/5f51b43bd692e90585c0ef6e8d1b0db5d254fe0224a6570daa59a1be014f/jax-0.4.31-py3-none-any.whl
      - pypi: https://files.pythonhosted.org/packages/c8/13/1bb2bcb4d9f4719dd5f3d98f5c2fc2235f961ced576366b040372eebdb17/jaxlib-0.4.31-cp312-cp312-win_amd64.whl
      - pypi: https://files.pythonhosted.org/packages/0f/b7/7cfca987ca898b64c0b7d185e957fbd8dccb64fe5ae9e44f68ec83371df5/ml_dtypes-0.4.0-cp312-cp312-win_amd64.whl
      - pypi: https://files.pythonhosted.org/packages/38/e9/5f72929373e1a0e8d142a130f3f97e6ff920070f87f91c4e13e40e0fba5a/networkx-3.3-py3-none-any.whl
      - pypi: https://files.pythonhosted.org/packages/b5/59/f6ad30785a6578ad85ed9c2785f271b39c3e5b6412c66e810d2c60934c9f/numpy-2.0.1-cp312-cp312-win_amd64.whl
      - pypi: https://files.pythonhosted.org/packages/bc/19/404708a7e54ad2798907210462fd950c3442ea51acc8790f3da48d2bee8b/opt_einsum-3.3.0-py3-none-any.whl
      - pypi: https://files.pythonhosted.org/packages/08/aa/cc0199a5f0ad350994d660967a8efb233fe0416e4639146c089643407ce6/packaging-24.1-py3-none-any.whl
      - pypi: https://files.pythonhosted.org/packages/22/a5/a0b255295406ed54269814bc93723cfd1a0da63fb9aaf99e1364f07923e5/pandas-2.2.2-cp312-cp312-win_amd64.whl
      - pypi: https://files.pythonhosted.org/packages/b8/f0/bcf716a8e070370d6598c92fcd328bd9ef8a9bda2c5562da5a835c66700b/plotly-5.23.0-py3-none-any.whl
      - pypi: https://files.pythonhosted.org/packages/ec/57/56b9bcc3c9c6a792fcbaf139543cee77261f3651ca9da0c93f5c1221264b/python_dateutil-2.9.0.post0-py2.py3-none-any.whl
      - pypi: https://files.pythonhosted.org/packages/9c/3d/a121f284241f08268b21359bd425f7d4825cffc5ac5cd0e1b3d82ffd2b10/pytz-2024.1-py2.py3-none-any.whl
      - pypi: https://files.pythonhosted.org/packages/3f/72/305686527c68f33f1dd3ebdd28f53340d372b2f9e44dccaf6f92e17739d3/scipy-1.14.0-cp312-cp312-win_amd64.whl
      - pypi: https://files.pythonhosted.org/packages/d9/5a/e7c31adbe875f2abbb91bd84cf2dc52d792b5a01506781dbcf25c91daf11/six-1.16.0-py2.py3-none-any.whl
      - pypi: https://files.pythonhosted.org/packages/25/95/2301570ad169f173a42ba38729a7b83e20f68f935e1f8a1d658e1c1cd0ef/summerepi2-1.3.6-py3-none-any.whl
      - pypi: https://files.pythonhosted.org/packages/b6/cb/b86984bed139586d01532a587464b5805f12e397594f19f931c4c2fbfa61/tenacity-9.0.0-py3-none-any.whl
      - pypi: https://files.pythonhosted.org/packages/65/58/f9c9e6be752e9fcb8b6a0ee9fb87e6e7a1f6bcab2cdc73f02bb7ba91ada0/tzdata-2024.1-py2.py3-none-any.whl
      - pypi: .
packages:
- kind: conda
  name: bzip2
  version: 1.0.8
  build: h2466b09_7
  build_number: 7
  subdir: win-64
  url: https://conda.anaconda.org/conda-forge/win-64/bzip2-1.0.8-h2466b09_7.conda
  sha256: 35a5dad92e88fdd7fc405e864ec239486f4f31eec229e31686e61a140a8e573b
  md5: 276e7ffe9ffe39688abc665ef0f45596
  depends:
  - ucrt >=10.0.20348.0
  - vc >=14.2,<15
  - vc14_runtime >=14.29.30139
  license: bzip2-1.0.6
  license_family: BSD
  purls: []
  size: 54927
  timestamp: 1720974860185
- kind: conda
  name: ca-certificates
  version: 2024.7.4
  build: h56e8100_0
  subdir: win-64
  url: https://conda.anaconda.org/conda-forge/win-64/ca-certificates-2024.7.4-h56e8100_0.conda
  sha256: 7f37bb33c7954de1b4d19ad622859feb4f6c58f751c38b895524cad4e44af72e
  md5: 9caa97c9504072cd060cf0a3142cc0ed
  license: ISC
  purls: []
  size: 154943
  timestamp: 1720077592592
- kind: pypi
  name: computegraph
  version: 0.4.5
  url: https://files.pythonhosted.org/packages/af/1d/66cbeeb4dcc8db93d26867ff89c07d65add52d1b1bf131b5c49c1280bb81/computegraph-0.4.5-py3-none-any.whl
  sha256: b7fc46b31292818aed27a1fbd07a6412633196711c71657ef21d50739526a197
  requires_dist:
  - jax>=0.4.28
  - jaxlib>=0.4.28,<0.5.0
  - matplotlib>=3.5.1 ; extra == 'plotting'
  - networkx>=3.3,<4.0
  - plotly>=5.6.0 ; extra == 'plotting'
  - pygraphviz>=1.8 ; sys_platform == 'linux' and extra == 'plotting'
  requires_python: '>=3.10.0'
- kind: pypi
  name: jax
  version: 0.4.31
  url: https://files.pythonhosted.org/packages/7e/cf/5f51b43bd692e90585c0ef6e8d1b0db5d254fe0224a6570daa59a1be014f/jax-0.4.31-py3-none-any.whl
  sha256: 5688703735133d0dc537e99a1d646198a49c9d472d4715fde4bd437c44151bd7
  requires_dist:
  - jaxlib<=0.4.31,>=0.4.30
  - ml-dtypes>=0.2.0
  - numpy>=1.24
  - opt-einsum
  - scipy>=1.10
  - numpy>=1.26.0 ; python_version >= '3.12'
  - scipy>=1.11.1 ; python_version >= '3.12'
  - jaxlib==0.4.30 ; extra == 'ci'
  - jaxlib==0.4.31 ; extra == 'cuda'
  - jax-cuda12-plugin[with-cuda]<=0.4.31,>=0.4.31 ; extra == 'cuda'
  - jaxlib==0.4.31 ; extra == 'cuda12'
  - jax-cuda12-plugin[with-cuda]<=0.4.31,>=0.4.31 ; extra == 'cuda12'
  - jaxlib==0.4.31 ; extra == 'cuda12-local'
  - jax-cuda12-plugin==0.4.31 ; extra == 'cuda12-local'
  - jaxlib==0.4.31 ; extra == 'cuda12-pip'
  - jax-cuda12-plugin[with-cuda]<=0.4.31,>=0.4.31 ; extra == 'cuda12-pip'
  - jaxlib==0.4.30 ; extra == 'minimum-jaxlib'
  - jaxlib<=0.4.31,>=0.4.31 ; extra == 'tpu'
  - libtpu-nightly==0.1.dev20240729 ; extra == 'tpu'
  - requests ; extra == 'tpu'
  requires_python: '>=3.10'
- kind: pypi
  name: jaxlib
  version: 0.4.31
  url: https://files.pythonhosted.org/packages/c8/13/1bb2bcb4d9f4719dd5f3d98f5c2fc2235f961ced576366b040372eebdb17/jaxlib-0.4.31-cp312-cp312-win_amd64.whl
  sha256: c4bfd15315e30525514b7262d555bea00745b09ac9818bb14c20ef8afbbab072
  requires_dist:
  - scipy>=1.10
  - numpy>=1.24
  - ml-dtypes>=0.2.0
  - scipy>=1.11.1 ; python_version >= '3.12'
  requires_python: '>=3.10'
- kind: conda
  name: libexpat
  version: 2.6.2
  build: h63175ca_0
  subdir: win-64
  url: https://conda.anaconda.org/conda-forge/win-64/libexpat-2.6.2-h63175ca_0.conda
  sha256: 79f612f75108f3e16bbdc127d4885bb74729cf66a8702fca0373dad89d40c4b7
  md5: bc592d03f62779511d392c175dcece64
  constrains:
  - expat 2.6.2.*
  license: MIT
  license_family: MIT
  purls: []
  size: 139224
  timestamp: 1710362609641
- kind: conda
  name: libffi
  version: 3.4.2
  build: h8ffe710_5
  build_number: 5
  subdir: win-64
  url: https://conda.anaconda.org/conda-forge/win-64/libffi-3.4.2-h8ffe710_5.tar.bz2
  sha256: 1951ab740f80660e9bc07d2ed3aefb874d78c107264fd810f24a1a6211d4b1a5
  md5: 2c96d1b6915b408893f9472569dee135
  depends:
  - vc >=14.1,<15.0a0
  - vs2015_runtime >=14.16.27012
  license: MIT
  license_family: MIT
  purls: []
  size: 42063
  timestamp: 1636489106777
- kind: conda
  name: libsqlite
  version: 3.46.0
  build: h2466b09_0
  subdir: win-64
  url: https://conda.anaconda.org/conda-forge/win-64/libsqlite-3.46.0-h2466b09_0.conda
  sha256: 662bd7e0d63c5b8c31cca19b91649e798319b93568a2ba8d1375efb91eeb251b
  md5: 951b0a3a463932e17414cd9f047fa03d
  depends:
  - ucrt >=10.0.20348.0
  - vc >=14.2,<15
  - vc14_runtime >=14.29.30139
  license: Unlicense
  purls: []
  size: 876677
  timestamp: 1718051113874
- kind: conda
  name: libzlib
  version: 1.3.1
  build: h2466b09_1
  build_number: 1
  subdir: win-64
  url: https://conda.anaconda.org/conda-forge/win-64/libzlib-1.3.1-h2466b09_1.conda
  sha256: b13846a54a15243e15f96fec06b526d8155adc6a1ac2b6ed47a88f6a71a94b68
  md5: d4483ca8afc57ddf1f6dded53b36c17f
  depends:
  - ucrt >=10.0.20348.0
  - vc >=14.2,<15
  - vc14_runtime >=14.29.30139
  constrains:
  - zlib 1.3.1 *_1
  license: Zlib
  license_family: Other
  purls: []
  size: 56186
  timestamp: 1716874730539
- kind: pypi
  name: ml-dtypes
  version: 0.4.0
  url: https://files.pythonhosted.org/packages/0f/b7/7cfca987ca898b64c0b7d185e957fbd8dccb64fe5ae9e44f68ec83371df5/ml_dtypes-0.4.0-cp312-cp312-win_amd64.whl
  sha256: 3b67ec73a697c88c1122038e0de46520e48dc2ec876d42cf61bc5efe3c0b7675
  requires_dist:
  - numpy>1.20
  - numpy>=1.21.2 ; python_version >= '3.10'
  - numpy>=1.23.3 ; python_version >= '3.11'
  - numpy>=1.26.0 ; python_version >= '3.12'
  - absl-py ; extra == 'dev'
  - pytest ; extra == 'dev'
  - pytest-xdist ; extra == 'dev'
  - pylint>=2.6.0 ; extra == 'dev'
  - pyink ; extra == 'dev'
  requires_python: '>=3.9'
- kind: pypi
  name: networkx
  version: '3.3'
  url: https://files.pythonhosted.org/packages/38/e9/5f72929373e1a0e8d142a130f3f97e6ff920070f87f91c4e13e40e0fba5a/networkx-3.3-py3-none-any.whl
  sha256: 28575580c6ebdaf4505b22c6256a2b9de86b316dc63ba9e93abde3d78dfdbcf2
  requires_dist:
  - numpy>=1.23 ; extra == 'default'
  - scipy!=1.11.0,!=1.11.1,>=1.9 ; extra == 'default'
  - matplotlib>=3.6 ; extra == 'default'
  - pandas>=1.4 ; extra == 'default'
  - changelist==0.5 ; extra == 'developer'
  - pre-commit>=3.2 ; extra == 'developer'
  - mypy>=1.1 ; extra == 'developer'
  - rtoml ; extra == 'developer'
  - sphinx>=7 ; extra == 'doc'
  - pydata-sphinx-theme>=0.14 ; extra == 'doc'
  - sphinx-gallery>=0.14 ; extra == 'doc'
  - numpydoc>=1.7 ; extra == 'doc'
  - pillow>=9.4 ; extra == 'doc'
  - texext>=0.6.7 ; extra == 'doc'
  - myst-nb>=1.0 ; extra == 'doc'
  - lxml>=4.6 ; extra == 'extra'
  - pygraphviz>=1.12 ; extra == 'extra'
  - pydot>=2.0 ; extra == 'extra'
  - sympy>=1.10 ; extra == 'extra'
  - pytest>=7.2 ; extra == 'test'
  - pytest-cov>=4.0 ; extra == 'test'
  requires_python: '>=3.10'
- kind: pypi
  name: numpy
  version: 2.0.1
  url: https://files.pythonhosted.org/packages/b5/59/f6ad30785a6578ad85ed9c2785f271b39c3e5b6412c66e810d2c60934c9f/numpy-2.0.1-cp312-cp312-win_amd64.whl
  sha256: bb2124fdc6e62baae159ebcfa368708867eb56806804d005860b6007388df171
  requires_python: '>=3.9'
- kind: conda
  name: openssl
  version: 3.3.1
  build: h2466b09_2
  build_number: 2
  subdir: win-64
  url: https://conda.anaconda.org/conda-forge/win-64/openssl-3.3.1-h2466b09_2.conda
  sha256: d86c4fa31294ad9068717788197e97e5637e056c82745ffb6d0e88fd1fef1a9d
  md5: 375dbc2a4d5a2e4c738703207e8e368b
  depends:
  - ca-certificates
  - ucrt >=10.0.20348.0
  - vc >=14.2,<15
  - vc14_runtime >=14.29.30139
  constrains:
  - pyopenssl >=22.1
  license: Apache-2.0
  license_family: Apache
  purls: []
  size: 8385012
  timestamp: 1721197465883
- kind: pypi
  name: opt-einsum
  version: 3.3.0
  url: https://files.pythonhosted.org/packages/bc/19/404708a7e54ad2798907210462fd950c3442ea51acc8790f3da48d2bee8b/opt_einsum-3.3.0-py3-none-any.whl
  sha256: 2455e59e3947d3c275477df7f5205b30635e266fe6dc300e3d9f9646bfcea147
  requires_dist:
  - numpy>=1.7
  - sphinx==1.2.3 ; extra == 'docs'
  - sphinxcontrib-napoleon ; extra == 'docs'
  - sphinx-rtd-theme ; extra == 'docs'
  - numpydoc ; extra == 'docs'
  - pytest ; extra == 'tests'
  - pytest-cov ; extra == 'tests'
  - pytest-pep8 ; extra == 'tests'
  requires_python: '>=3.5'
- kind: pypi
  name: packaging
  version: '24.1'
  url: https://files.pythonhosted.org/packages/08/aa/cc0199a5f0ad350994d660967a8efb233fe0416e4639146c089643407ce6/packaging-24.1-py3-none-any.whl
  sha256: 5b8f2217dbdbd2f7f384c41c628544e6d52f2d0f53c6d0c3ea61aa5d1d7ff124
  requires_python: '>=3.8'
- kind: pypi
  name: packaging-workshop
  version: 0.1.0
  path: .
  sha256: 6c80b0fbaaaf0929afc96c40114b8031904b5ca52c39e410dbf49c1af3c3a75a
  requires_dist:
  - summerepi2
  editable: true
- kind: pypi
  name: pandas
  version: 2.2.2
  url: https://files.pythonhosted.org/packages/22/a5/a0b255295406ed54269814bc93723cfd1a0da63fb9aaf99e1364f07923e5/pandas-2.2.2-cp312-cp312-win_amd64.whl
  sha256: d187d355ecec3629624fccb01d104da7d7f391db0311145817525281e2804d23
  requires_dist:
  - numpy>=1.22.4 ; python_version < '3.11'
  - numpy>=1.23.2 ; python_version == '3.11'
  - numpy>=1.26.0 ; python_version >= '3.12'
  - python-dateutil>=2.8.2
  - pytz>=2020.1
  - tzdata>=2022.7
  - hypothesis>=6.46.1 ; extra == 'test'
  - pytest>=7.3.2 ; extra == 'test'
  - pytest-xdist>=2.2.0 ; extra == 'test'
  - pyarrow>=10.0.1 ; extra == 'pyarrow'
  - bottleneck>=1.3.6 ; extra == 'performance'
  - numba>=0.56.4 ; extra == 'performance'
  - numexpr>=2.8.4 ; extra == 'performance'
  - scipy>=1.10.0 ; extra == 'computation'
  - xarray>=2022.12.0 ; extra == 'computation'
  - fsspec>=2022.11.0 ; extra == 'fss'
  - s3fs>=2022.11.0 ; extra == 'aws'
  - gcsfs>=2022.11.0 ; extra == 'gcp'
  - pandas-gbq>=0.19.0 ; extra == 'gcp'
  - odfpy>=1.4.1 ; extra == 'excel'
  - openpyxl>=3.1.0 ; extra == 'excel'
  - python-calamine>=0.1.7 ; extra == 'excel'
  - pyxlsb>=1.0.10 ; extra == 'excel'
  - xlrd>=2.0.1 ; extra == 'excel'
  - xlsxwriter>=3.0.5 ; extra == 'excel'
  - pyarrow>=10.0.1 ; extra == 'parquet'
  - pyarrow>=10.0.1 ; extra == 'feather'
  - tables>=3.8.0 ; extra == 'hdf5'
  - pyreadstat>=1.2.0 ; extra == 'spss'
  - sqlalchemy>=2.0.0 ; extra == 'postgresql'
  - psycopg2>=2.9.6 ; extra == 'postgresql'
  - adbc-driver-postgresql>=0.8.0 ; extra == 'postgresql'
  - sqlalchemy>=2.0.0 ; extra == 'mysql'
  - pymysql>=1.0.2 ; extra == 'mysql'
  - sqlalchemy>=2.0.0 ; extra == 'sql-other'
  - adbc-driver-postgresql>=0.8.0 ; extra == 'sql-other'
  - adbc-driver-sqlite>=0.8.0 ; extra == 'sql-other'
  - beautifulsoup4>=4.11.2 ; extra == 'html'
  - html5lib>=1.1 ; extra == 'html'
  - lxml>=4.9.2 ; extra == 'html'
  - lxml>=4.9.2 ; extra == 'xml'
  - matplotlib>=3.6.3 ; extra == 'plot'
  - jinja2>=3.1.2 ; extra == 'output-formatting'
  - tabulate>=0.9.0 ; extra == 'output-formatting'
  - pyqt5>=5.15.9 ; extra == 'clipboard'
  - qtpy>=2.3.0 ; extra == 'clipboard'
  - zstandard>=0.19.0 ; extra == 'compression'
  - dataframe-api-compat>=0.1.7 ; extra == 'consortium-standard'
  - adbc-driver-postgresql>=0.8.0 ; extra == 'all'
  - adbc-driver-sqlite>=0.8.0 ; extra == 'all'
  - beautifulsoup4>=4.11.2 ; extra == 'all'
  - bottleneck>=1.3.6 ; extra == 'all'
  - dataframe-api-compat>=0.1.7 ; extra == 'all'
  - fastparquet>=2022.12.0 ; extra == 'all'
  - fsspec>=2022.11.0 ; extra == 'all'
  - gcsfs>=2022.11.0 ; extra == 'all'
  - html5lib>=1.1 ; extra == 'all'
  - hypothesis>=6.46.1 ; extra == 'all'
  - jinja2>=3.1.2 ; extra == 'all'
  - lxml>=4.9.2 ; extra == 'all'
  - matplotlib>=3.6.3 ; extra == 'all'
  - numba>=0.56.4 ; extra == 'all'
  - numexpr>=2.8.4 ; extra == 'all'
  - odfpy>=1.4.1 ; extra == 'all'
  - openpyxl>=3.1.0 ; extra == 'all'
  - pandas-gbq>=0.19.0 ; extra == 'all'
  - psycopg2>=2.9.6 ; extra == 'all'
  - pyarrow>=10.0.1 ; extra == 'all'
  - pymysql>=1.0.2 ; extra == 'all'
  - pyqt5>=5.15.9 ; extra == 'all'
  - pyreadstat>=1.2.0 ; extra == 'all'
  - pytest>=7.3.2 ; extra == 'all'
  - pytest-xdist>=2.2.0 ; extra == 'all'
  - python-calamine>=0.1.7 ; extra == 'all'
  - pyxlsb>=1.0.10 ; extra == 'all'
  - qtpy>=2.3.0 ; extra == 'all'
  - scipy>=1.10.0 ; extra == 'all'
  - s3fs>=2022.11.0 ; extra == 'all'
  - sqlalchemy>=2.0.0 ; extra == 'all'
  - tables>=3.8.0 ; extra == 'all'
  - tabulate>=0.9.0 ; extra == 'all'
  - xarray>=2022.12.0 ; extra == 'all'
  - xlrd>=2.0.1 ; extra == 'all'
  - xlsxwriter>=3.0.5 ; extra == 'all'
  - zstandard>=0.19.0 ; extra == 'all'
  requires_python: '>=3.9'
- kind: pypi
  name: plotly
  version: 5.23.0
  url: https://files.pythonhosted.org/packages/b8/f0/bcf716a8e070370d6598c92fcd328bd9ef8a9bda2c5562da5a835c66700b/plotly-5.23.0-py3-none-any.whl
  sha256: 76cbe78f75eddc10c56f5a4ee3e7ccaade7c0a57465546f02098c0caed6c2d1a
  requires_dist:
  - tenacity>=6.2.0
  - packaging
  requires_python: '>=3.8'
- kind: conda
  name: python
  version: 3.12.4
  build: h889d299_0_cpython
  subdir: win-64
  url: https://conda.anaconda.org/conda-forge/win-64/python-3.12.4-h889d299_0_cpython.conda
  sha256: 1db32594bfd8db2a49af66c14aaf479520f98df7a86e9d6e6a9ae484d369f4da
  md5: 4527737432f0fade2fc1e5852c672133
  depends:
  - bzip2 >=1.0.8,<2.0a0
  - libexpat >=2.6.2,<3.0a0
  - libffi >=3.4,<4.0a0
  - libsqlite >=3.46.0,<4.0a0
  - libzlib >=1.3.1,<2.0a0
  - openssl >=3.3.1,<4.0a0
  - tk >=8.6.13,<8.7.0a0
  - tzdata
  - ucrt >=10.0.20348.0
  - vc >=14.2,<15
  - vc14_runtime >=14.29.30139
  - xz >=5.2.6,<6.0a0
  constrains:
  - python_abi 3.12.* *_cp312
  license: Python-2.0
  purls: []
  size: 16173770
  timestamp: 1718619012084
- kind: pypi
  name: python-dateutil
  version: 2.9.0.post0
  url: https://files.pythonhosted.org/packages/ec/57/56b9bcc3c9c6a792fcbaf139543cee77261f3651ca9da0c93f5c1221264b/python_dateutil-2.9.0.post0-py2.py3-none-any.whl
  sha256: a8b2bc7bffae282281c8140a97d3aa9c14da0b136dfe83f850eea9a5f7470427
  requires_dist:
  - six>=1.5
  requires_python: '!=3.0.*,!=3.1.*,!=3.2.*,>=2.7'
- kind: pypi
  name: pytz
  version: '2024.1'
  url: https://files.pythonhosted.org/packages/9c/3d/a121f284241f08268b21359bd425f7d4825cffc5ac5cd0e1b3d82ffd2b10/pytz-2024.1-py2.py3-none-any.whl
  sha256: 328171f4e3623139da4983451950b28e95ac706e13f3f2630a879749e7a8b319
- kind: pypi
  name: scipy
  version: 1.14.0
  url: https://files.pythonhosted.org/packages/3f/72/305686527c68f33f1dd3ebdd28f53340d372b2f9e44dccaf6f92e17739d3/scipy-1.14.0-cp312-cp312-win_amd64.whl
  sha256: 4c4161597c75043f7154238ef419c29a64ac4a7c889d588ea77690ac4d0d9b20
  requires_dist:
  - numpy<2.3,>=1.23.5
  - pytest ; extra == 'test'
  - pytest-cov ; extra == 'test'
  - pytest-timeout ; extra == 'test'
  - pytest-xdist ; extra == 'test'
  - asv ; extra == 'test'
  - mpmath ; extra == 'test'
  - gmpy2 ; extra == 'test'
  - threadpoolctl ; extra == 'test'
  - scikit-umfpack ; extra == 'test'
  - pooch ; extra == 'test'
  - hypothesis>=6.30 ; extra == 'test'
  - array-api-strict ; extra == 'test'
  - cython ; extra == 'test'
  - meson ; extra == 'test'
  - ninja ; sys_platform != 'emscripten' and extra == 'test'
  - sphinx>=5.0.0 ; extra == 'doc'
  - pydata-sphinx-theme>=0.15.2 ; extra == 'doc'
  - sphinx-design>=0.4.0 ; extra == 'doc'
  - matplotlib>=3.5 ; extra == 'doc'
  - numpydoc ; extra == 'doc'
  - jupytext ; extra == 'doc'
  - myst-nb ; extra == 'doc'
  - pooch ; extra == 'doc'
  - jupyterlite-sphinx>=0.13.1 ; extra == 'doc'
  - jupyterlite-pyodide-kernel ; extra == 'doc'
  - mypy==1.10.0 ; extra == 'dev'
  - typing-extensions ; extra == 'dev'
  - types-psutil ; extra == 'dev'
  - pycodestyle ; extra == 'dev'
  - ruff>=0.0.292 ; extra == 'dev'
  - cython-lint>=0.12.2 ; extra == 'dev'
  - rich-click ; extra == 'dev'
  - doit>=0.36.0 ; extra == 'dev'
  - pydevtool ; extra == 'dev'
  requires_python: '>=3.10'
- kind: pypi
  name: six
  version: 1.16.0
  url: https://files.pythonhosted.org/packages/d9/5a/e7c31adbe875f2abbb91bd84cf2dc52d792b5a01506781dbcf25c91daf11/six-1.16.0-py2.py3-none-any.whl
  sha256: 8abb2f1d86890a2dfb989f9a77cfcfd3e47c2a354b01111771326f8aa26e0254
  requires_python: '>=2.7,!=3.0.*,!=3.1.*,!=3.2.*'
- kind: pypi
  name: summerepi2
  version: 1.3.6
  url: https://files.pythonhosted.org/packages/25/95/2301570ad169f173a42ba38729a7b83e20f68f935e1f8a1d658e1c1cd0ef/summerepi2-1.3.6-py3-none-any.whl
  sha256: 2803e9d5c8478297c99bd9576cb45545e3f4ff15412034f4dfeabd724654e9ee
  requires_dist:
  - computegraph==0.4.5
  - ipykernel>=6.15.1,<7.0.0 ; extra == 'docs'
  - jax>=0.4.24
  - jaxlib>=0.4.24
  - matplotlib>=3.4.3 ; extra == 'docs'
  - nbsphinx>=0.8.2,<0.9.0 ; extra == 'docs'
  - networkx>=2.6.2
  - numpy>=1.20.3
  - pandas>=1.3.2
  - plotly>=5.5.0
  - pygraphviz>=1.10,<2.0 ; extra == 'docs'
  - recommonmark>=0.7.1,<0.8.0 ; extra == 'docs'
  - sphinx-rtd-theme>=0.5.1,<0.6.0 ; extra == 'docs'
  - sphinxcontrib-napoleon>=0.7,<0.8 ; extra == 'docs'
  requires_python: '>=3.10.0'
- kind: pypi
  name: tenacity
  version: 9.0.0
  url: https://files.pythonhosted.org/packages/b6/cb/b86984bed139586d01532a587464b5805f12e397594f19f931c4c2fbfa61/tenacity-9.0.0-py3-none-any.whl
  sha256: 93de0c98785b27fcf659856aa9f54bfbd399e29969b0621bc7f762bd441b4539
  requires_dist:
  - reno ; extra == 'doc'
  - sphinx ; extra == 'doc'
  - pytest ; extra == 'test'
  - tornado>=4.5 ; extra == 'test'
  - typeguard ; extra == 'test'
  requires_python: '>=3.8'
- kind: conda
  name: tk
  version: 8.6.13
  build: h5226925_1
  build_number: 1
  subdir: win-64
  url: https://conda.anaconda.org/conda-forge/win-64/tk-8.6.13-h5226925_1.conda
  sha256: 2c4e914f521ccb2718946645108c9bd3fc3216ba69aea20c2c3cedbd8db32bb1
  md5: fc048363eb8f03cd1737600a5d08aafe
  depends:
  - ucrt >=10.0.20348.0
  - vc >=14.2,<15
  - vc14_runtime >=14.29.30139
  license: TCL
  license_family: BSD
  purls: []
  size: 3503410
  timestamp: 1699202577803
- kind: pypi
  name: tzdata
  version: '2024.1'
  url: https://files.pythonhosted.org/packages/65/58/f9c9e6be752e9fcb8b6a0ee9fb87e6e7a1f6bcab2cdc73f02bb7ba91ada0/tzdata-2024.1-py2.py3-none-any.whl
  sha256: 9068bc196136463f5245e51efda838afa15aaeca9903f49050dfa2679db4d252
  requires_python: '>=2'
- kind: conda
  name: tzdata
  version: 2024a
  build: h0c530f3_0
  subdir: noarch
  noarch: generic
  url: https://conda.anaconda.org/conda-forge/noarch/tzdata-2024a-h0c530f3_0.conda
  sha256: 7b2b69c54ec62a243eb6fba2391b5e443421608c3ae5dbff938ad33ca8db5122
  md5: 161081fc7cec0bfda0d86d7cb595f8d8
  license: LicenseRef-Public-Domain
  purls: []
  size: 119815
  timestamp: 1706886945727
- kind: conda
  name: ucrt
  version: 10.0.22621.0
  build: h57928b3_0
  subdir: win-64
  url: https://conda.anaconda.org/conda-forge/win-64/ucrt-10.0.22621.0-h57928b3_0.tar.bz2
  sha256: f29cdaf8712008f6b419b8b1a403923b00ab2504bfe0fb2ba8eb60e72d4f14c6
  md5: 72608f6cd3e5898229c3ea16deb1ac43
  constrains:
  - vs2015_runtime >=14.29.30037
  license: LicenseRef-Proprietary
  license_family: PROPRIETARY
  purls: []
  size: 1283972
  timestamp: 1666630199266
- kind: conda
  name: vc
  version: '14.3'
  build: h8a93ad2_20
  build_number: 20
  subdir: win-64
  url: https://conda.anaconda.org/conda-forge/win-64/vc-14.3-h8a93ad2_20.conda
  sha256: 23ac5feb15a9adf3ab2b8c4dcd63650f8b7ae860c5ceb073e49cf71d203eddef
  md5: 8558f367e1d7700554f7cdb823c46faf
  depends:
  - vc14_runtime >=14.40.33810
  track_features:
  - vc14
  license: BSD-3-Clause
  license_family: BSD
  purls: []
  size: 17391
  timestamp: 1717709040616
- kind: conda
  name: vc14_runtime
  version: 14.40.33810
  build: ha82c5b3_20
  build_number: 20
  subdir: win-64
  url: https://conda.anaconda.org/conda-forge/win-64/vc14_runtime-14.40.33810-ha82c5b3_20.conda
  sha256: af3cfa347e3d7c1277e9b964b0849a9a9f095bff61836cb3c3a89862fbc32e17
  md5: e39cc4c34c53654ec939558993d9dc5b
  depends:
  - ucrt >=10.0.20348.0
  constrains:
  - vs2015_runtime 14.40.33810.* *_20
  license: LicenseRef-ProprietaryMicrosoft
  license_family: Proprietary
  purls: []
  size: 751934
  timestamp: 1717709031266
- kind: conda
  name: vs2015_runtime
  version: 14.40.33810
  build: h3bf8584_20
  build_number: 20
  subdir: win-64
  url: https://conda.anaconda.org/conda-forge/win-64/vs2015_runtime-14.40.33810-h3bf8584_20.conda
  sha256: 0c2803f7a788c51f28235a7228dc2ab3f107b4b16ab0845a3e595c8c51e50a7a
  md5: c21f1b4a3a30bbc3ef35a50957578e0e
  depends:
  - vc14_runtime >=14.40.33810
  license: BSD-3-Clause
  license_family: BSD
  purls: []
  size: 17395
  timestamp: 1717709043353
- kind: conda
  name: xz
  version: 5.2.6
  build: h8d14728_0
  subdir: win-64
  url: https://conda.anaconda.org/conda-forge/win-64/xz-5.2.6-h8d14728_0.tar.bz2
  sha256: 54d9778f75a02723784dc63aff4126ff6e6749ba21d11a6d03c1f4775f269fe0
  md5: 515d77642eaa3639413c6b1bc3f94219
  depends:
  - vc >=14.1,<15
  - vs2015_runtime >=14.16.27033
  license: LGPL-2.1 and GPL-2.0
  purls: []
  size: 217804
  timestamp: 1660346976440
